
Microsoft Visual Studio Solution File, Format Version 12.00
# Visual Studio Version 17
VisualStudioVersion = 17.9.34616.47
MinimumVisualStudioVersion = 10.0.40219.1
Project("{FAE04EC0-301F-11D3-BF4B-00C04F79EFBC}") = "Mission10_Dawson_backend", "Mission10_Dawson_backend.csproj", "{CEAD92B7-5564-48D2-B680-823965F54106}"
EndProject
Global
	GlobalSection(SolutionConfigurationPlatforms) = preSolution
		Debug|Any CPU = Debug|Any CPU
		Release|Any CPU = Release|Any CPU
	EndGlobalSection
	GlobalSection(ProjectConfigurationPlatforms) = postSolution
		{CEAD92B7-5564-48D2-B680-823965F54106}.Debug|Any CPU.ActiveCfg = Debug|Any CPU
		{CEAD92B7-5564-48D2-B680-823965F54106}.Debug|Any CPU.Build.0 = Debug|Any CPU
		{CEAD92B7-5564-48D2-B680-823965F54106}.Release|Any CPU.ActiveCfg = Release|Any CPU
		{CEAD92B7-5564-48D2-B680-823965F54106}.Release|Any CPU.Build.0 = Release|Any CPU
	EndGlobalSection
	GlobalSection(SolutionProperties) = preSolution
		HideSolutionNode = FALSE
	EndGlobalSection
	GlobalSection(ExtensibilityGlobals) = postSolution
		SolutionGuid = {C1628939-7BAE-465E-9C7A-5F6A6F30DDE0}
	EndGlobalSection
EndGlobal
